// !$*UTF8*$!
{
	archiveVersion = 1;
	classes = {
	};
	objectVersion = 55;
	objects = {

/* Begin PBXBuildFile section */
		C44728BD299BF60F00D22687 /* AppDelegate.swift in Sources */ = {isa = PBXBuildFile; fileRef = C44728BC299BF60F00D22687 /* AppDelegate.swift */; };
		C44728BF299BF60F00D22687 /* SceneDelegate.swift in Sources */ = {isa = PBXBuildFile; fileRef = C44728BE299BF60F00D22687 /* SceneDelegate.swift */; };
		C44728C1299BF60F00D22687 /* MainViewController.swift in Sources */ = {isa = PBXBuildFile; fileRef = C44728C0299BF60F00D22687 /* MainViewController.swift */; };
		C44728C6299BF60F00D22687 /* Assets.xcassets in Resources */ = {isa = PBXBuildFile; fileRef = C44728C5299BF60F00D22687 /* Assets.xcassets */; };
		C44728C9299BF60F00D22687 /* LaunchScreen.storyboard in Resources */ = {isa = PBXBuildFile; fileRef = C44728C7299BF60F00D22687 /* LaunchScreen.storyboard */; };
		C44728D2299BF83200D22687 /* UIView+Extension.swift in Sources */ = {isa = PBXBuildFile; fileRef = C44728D1299BF83200D22687 /* UIView+Extension.swift */; };
		C44728D5299BFD9800D22687 /* MainTableCell.swift in Sources */ = {isa = PBXBuildFile; fileRef = C44728D4299BFD9800D22687 /* MainTableCell.swift */; };
		C44728D7299C0A5400D22687 /* MainTableHeader.swift in Sources */ = {isa = PBXBuildFile; fileRef = C44728D6299C0A5400D22687 /* MainTableHeader.swift */; };
		C44728D9299C0AAE00D22687 /* WebService.swift in Sources */ = {isa = PBXBuildFile; fileRef = C44728D8299C0AAE00D22687 /* WebService.swift */; };
		C44728DC299C0ADB00D22687 /* DefaultList.swift in Sources */ = {isa = PBXBuildFile; fileRef = C44728DB299C0ADB00D22687 /* DefaultList.swift */; };
		C44728DF299C2C7D00D22687 /* CriteriaViewController.swift in Sources */ = {isa = PBXBuildFile; fileRef = C44728DE299C2C7D00D22687 /* CriteriaViewController.swift */; };
		C46895DB299FE273009B6B65 /* CriteriaTableCell.swift in Sources */ = {isa = PBXBuildFile; fileRef = C46895DA299FE273009B6B65 /* CriteriaTableCell.swift */; };
		C4A856ED29A0EF4500D80B35 /* UIViewController+Extension.swift in Sources */ = {isa = PBXBuildFile; fileRef = C4A856EC29A0EF4500D80B35 /* UIViewController+Extension.swift */; };
		C4A856F429A1558000D80B35 /* ListDetail.swift in Sources */ = {isa = PBXBuildFile; fileRef = C4A856F329A1558000D80B35 /* ListDetail.swift */; };
		C4A856F629A1561400D80B35 /* UITableView+Extension.swift in Sources */ = {isa = PBXBuildFile; fileRef = C4A856F529A1561400D80B35 /* UITableView+Extension.swift */; };
		C4A856F829A1644E00D80B35 /* String+Extension.swift in Sources */ = {isa = PBXBuildFile; fileRef = C4A856F729A1644E00D80B35 /* String+Extension.swift */; };
		C4B4B87A29A2840D00A749C5 /* MainViewModel.swift in Sources */ = {isa = PBXBuildFile; fileRef = C4B4B87929A2840D00A749C5 /* MainViewModel.swift */; };
		C4B4B87E29A2A43F00A749C5 /* DummyJson.swift in Sources */ = {isa = PBXBuildFile; fileRef = C4B4B87D29A2A43F00A749C5 /* DummyJson.swift */; };
/* End PBXBuildFile section */

/* Begin PBXFileReference section */
		C44728B9299BF60F00D22687 /* CurrencyInfo.app */ = {isa = PBXFileReference; explicitFileType = wrapper.application; includeInIndex = 0; path = CurrencyInfo.app; sourceTree = BUILT_PRODUCTS_DIR; };
		C44728BC299BF60F00D22687 /* AppDelegate.swift */ = {isa = PBXFileReference; lastKnownFileType = sourcecode.swift; path = AppDelegate.swift; sourceTree = "<group>"; };
		C44728BE299BF60F00D22687 /* SceneDelegate.swift */ = {isa = PBXFileReference; lastKnownFileType = sourcecode.swift; path = SceneDelegate.swift; sourceTree = "<group>"; };
		C44728C0299BF60F00D22687 /* MainViewController.swift */ = {isa = PBXFileReference; lastKnownFileType = sourcecode.swift; path = MainViewController.swift; sourceTree = "<group>"; };
		C44728C5299BF60F00D22687 /* Assets.xcassets */ = {isa = PBXFileReference; lastKnownFileType = folder.assetcatalog; path = Assets.xcassets; sourceTree = "<group>"; };
		C44728C8299BF60F00D22687 /* Base */ = {isa = PBXFileReference; lastKnownFileType = file.storyboard; name = Base; path = Base.lproj/LaunchScreen.storyboard; sourceTree = "<group>"; };
		C44728CA299BF60F00D22687 /* Info.plist */ = {isa = PBXFileReference; lastKnownFileType = text.plist.xml; path = Info.plist; sourceTree = "<group>"; };
		C44728D1299BF83200D22687 /* UIView+Extension.swift */ = {isa = PBXFileReference; lastKnownFileType = sourcecode.swift; path = "UIView+Extension.swift"; sourceTree = "<group>"; };
		C44728D4299BFD9800D22687 /* MainTableCell.swift */ = {isa = PBXFileReference; lastKnownFileType = sourcecode.swift; path = MainTableCell.swift; sourceTree = "<group>"; };
		C44728D6299C0A5400D22687 /* MainTableHeader.swift */ = {isa = PBXFileReference; lastKnownFileType = sourcecode.swift; path = MainTableHeader.swift; sourceTree = "<group>"; };
		C44728D8299C0AAE00D22687 /* WebService.swift */ = {isa = PBXFileReference; lastKnownFileType = sourcecode.swift; path = WebService.swift; sourceTree = "<group>"; };
		C44728DB299C0ADB00D22687 /* DefaultList.swift */ = {isa = PBXFileReference; lastKnownFileType = sourcecode.swift; path = DefaultList.swift; sourceTree = "<group>"; };
		C44728DE299C2C7D00D22687 /* CriteriaViewController.swift */ = {isa = PBXFileReference; lastKnownFileType = sourcecode.swift; path = CriteriaViewController.swift; sourceTree = "<group>"; };
		C46895DA299FE273009B6B65 /* CriteriaTableCell.swift */ = {isa = PBXFileReference; lastKnownFileType = sourcecode.swift; path = CriteriaTableCell.swift; sourceTree = "<group>"; };
		C4A856EC29A0EF4500D80B35 /* UIViewController+Extension.swift */ = {isa = PBXFileReference; lastKnownFileType = sourcecode.swift; path = "UIViewController+Extension.swift"; sourceTree = "<group>"; };
		C4A856F329A1558000D80B35 /* ListDetail.swift */ = {isa = PBXFileReference; lastKnownFileType = sourcecode.swift; path = ListDetail.swift; sourceTree = "<group>"; };
		C4A856F529A1561400D80B35 /* UITableView+Extension.swift */ = {isa = PBXFileReference; lastKnownFileType = sourcecode.swift; path = "UITableView+Extension.swift"; sourceTree = "<group>"; };
		C4A856F729A1644E00D80B35 /* String+Extension.swift */ = {isa = PBXFileReference; lastKnownFileType = sourcecode.swift; path = "String+Extension.swift"; sourceTree = "<group>"; };
		C4B4B87929A2840D00A749C5 /* MainViewModel.swift */ = {isa = PBXFileReference; lastKnownFileType = sourcecode.swift; path = MainViewModel.swift; sourceTree = "<group>"; };
		C4B4B87D29A2A43F00A749C5 /* DummyJson.swift */ = {isa = PBXFileReference; lastKnownFileType = sourcecode.swift; path = DummyJson.swift; sourceTree = "<group>"; };
/* End PBXFileReference section */

/* Begin PBXFrameworksBuildPhase section */
		C44728B6299BF60F00D22687 /* Frameworks */ = {
			isa = PBXFrameworksBuildPhase;
			buildActionMask = 2147483647;
			files = (
			);
			runOnlyForDeploymentPostprocessing = 0;
		};
/* End PBXFrameworksBuildPhase section */

/* Begin PBXGroup section */
		C44728B0299BF60F00D22687 = {
			isa = PBXGroup;
			children = (
				C44728BB299BF60F00D22687 /* CurrencyInfo */,
				C44728BA299BF60F00D22687 /* Products */,
			);
			sourceTree = "<group>";
		};
		C44728BA299BF60F00D22687 /* Products */ = {
			isa = PBXGroup;
			children = (
				C44728B9299BF60F00D22687 /* CurrencyInfo.app */,
			);
			name = Products;
			sourceTree = "<group>";
		};
		C44728BB299BF60F00D22687 /* CurrencyInfo */ = {
			isa = PBXGroup;
			children = (
				C44728BC299BF60F00D22687 /* AppDelegate.swift */,
				C44728BE299BF60F00D22687 /* SceneDelegate.swift */,
				C44728DD299C0ADF00D22687 /* Model */,
				C44728DA299C0ABD00D22687 /* Service */,
				C44728D3299BF83600D22687 /* Extensions */,
				C4B4B87B29A2841700A749C5 /* View Model */,
				C4B4B87C29A2842B00A749C5 /* View */,
				C44728C5299BF60F00D22687 /* Assets.xcassets */,
				C44728C7299BF60F00D22687 /* LaunchScreen.storyboard */,
				C44728CA299BF60F00D22687 /* Info.plist */,
			);
			path = CurrencyInfo;
			sourceTree = "<group>";
		};
		C44728D0299BF63F00D22687 /* Main Page */ = {
			isa = PBXGroup;
			children = (
				C4A856F129A0F12500D80B35 /* _Components */,
				C44728C0299BF60F00D22687 /* MainViewController.swift */,
			);
			path = "Main Page";
			sourceTree = "<group>";
		};
		C44728D3299BF83600D22687 /* Extensions */ = {
			isa = PBXGroup;
			children = (
				C44728D1299BF83200D22687 /* UIView+Extension.swift */,
				C4A856EC29A0EF4500D80B35 /* UIViewController+Extension.swift */,
				C4A856F529A1561400D80B35 /* UITableView+Extension.swift */,
				C4A856F729A1644E00D80B35 /* String+Extension.swift */,
			);
			path = Extensions;
			sourceTree = "<group>";
		};
		C44728DA299C0ABD00D22687 /* Service */ = {
			isa = PBXGroup;
			children = (
				C44728D8299C0AAE00D22687 /* WebService.swift */,
				C4B4B87D29A2A43F00A749C5 /* DummyJson.swift */,
			);
			path = Service;
			sourceTree = "<group>";
		};
		C44728DD299C0ADF00D22687 /* Model */ = {
			isa = PBXGroup;
			children = (
				C44728DB299C0ADB00D22687 /* DefaultList.swift */,
				C4A856F329A1558000D80B35 /* ListDetail.swift */,
			);
			path = Model;
			sourceTree = "<group>";
		};
		C4A856F029A0F01F00D80B35 /* Criteria Popup */ = {
			isa = PBXGroup;
			children = (
				C4A856F229A0F13500D80B35 /* _Components */,
				C44728DE299C2C7D00D22687 /* CriteriaViewController.swift */,
			);
			path = "Criteria Popup";
			sourceTree = "<group>";
		};
		C4A856F129A0F12500D80B35 /* _Components */ = {
			isa = PBXGroup;
			children = (
				C44728D4299BFD9800D22687 /* MainTableCell.swift */,
				C44728D6299C0A5400D22687 /* MainTableHeader.swift */,
			);
			path = _Components;
			sourceTree = "<group>";
		};
		C4A856F229A0F13500D80B35 /* _Components */ = {
			isa = PBXGroup;
			children = (
				C46895DA299FE273009B6B65 /* CriteriaTableCell.swift */,
			);
			path = _Components;
			sourceTree = "<group>";
		};
		C4B4B87B29A2841700A749C5 /* View Model */ = {
			isa = PBXGroup;
			children = (
				C4B4B87929A2840D00A749C5 /* MainViewModel.swift */,
			);
			path = "View Model";
			sourceTree = "<group>";
		};
		C4B4B87C29A2842B00A749C5 /* View */ = {
			isa = PBXGroup;
			children = (
				C44728D0299BF63F00D22687 /* Main Page */,
				C4A856F029A0F01F00D80B35 /* Criteria Popup */,
			);
			path = View;
			sourceTree = "<group>";
		};
/* End PBXGroup section */

/* Begin PBXNativeTarget section */
		C44728B8299BF60F00D22687 /* CurrencyInfo */ = {
			isa = PBXNativeTarget;
			buildConfigurationList = C44728CD299BF60F00D22687 /* Build configuration list for PBXNativeTarget "CurrencyInfo" */;
			buildPhases = (
				C44728B5299BF60F00D22687 /* Sources */,
				C44728B6299BF60F00D22687 /* Frameworks */,
				C44728B7299BF60F00D22687 /* Resources */,
			);
			buildRules = (
			);
			dependencies = (
			);
			name = CurrencyInfo;
			productName = CurrencyInfo;
			productReference = C44728B9299BF60F00D22687 /* CurrencyInfo.app */;
			productType = "com.apple.product-type.application";
		};
/* End PBXNativeTarget section */

/* Begin PBXProject section */
		C44728B1299BF60F00D22687 /* Project object */ = {
			isa = PBXProject;
			attributes = {
				BuildIndependentTargetsInParallel = 1;
				LastSwiftUpdateCheck = 1340;
				LastUpgradeCheck = 1340;
				TargetAttributes = {
					C44728B8299BF60F00D22687 = {
						CreatedOnToolsVersion = 13.4.1;
					};
				};
			};
			buildConfigurationList = C44728B4299BF60F00D22687 /* Build configuration list for PBXProject "CurrencyInfo" */;
			compatibilityVersion = "Xcode 13.0";
			developmentRegion = en;
			hasScannedForEncodings = 0;
			knownRegions = (
				en,
				Base,
			);
			mainGroup = C44728B0299BF60F00D22687;
			productRefGroup = C44728BA299BF60F00D22687 /* Products */;
			projectDirPath = "";
			projectRoot = "";
			targets = (
				C44728B8299BF60F00D22687 /* CurrencyInfo */,
			);
		};
/* End PBXProject section */

/* Begin PBXResourcesBuildPhase section */
		C44728B7299BF60F00D22687 /* Resources */ = {
			isa = PBXResourcesBuildPhase;
			buildActionMask = 2147483647;
			files = (
				C44728C9299BF60F00D22687 /* LaunchScreen.storyboard in Resources */,
				C44728C6299BF60F00D22687 /* Assets.xcassets in Resources */,
			);
			runOnlyForDeploymentPostprocessing = 0;
		};
/* End PBXResourcesBuildPhase section */

/* Begin PBXSourcesBuildPhase section */
		C44728B5299BF60F00D22687 /* Sources */ = {
			isa = PBXSourcesBuildPhase;
			buildActionMask = 2147483647;
			files = (
				C44728D5299BFD9800D22687 /* MainTableCell.swift in Sources */,
				C4B4B87E29A2A43F00A749C5 /* DummyJson.swift in Sources */,
				C4A856ED29A0EF4500D80B35 /* UIViewController+Extension.swift in Sources */,
				C4A856F429A1558000D80B35 /* ListDetail.swift in Sources */,
				C44728D9299C0AAE00D22687 /* WebService.swift in Sources */,
				C44728C1299BF60F00D22687 /* MainViewController.swift in Sources */,
				C44728BD299BF60F00D22687 /* AppDelegate.swift in Sources */,
				C44728BF299BF60F00D22687 /* SceneDelegate.swift in Sources */,
				C4A856F629A1561400D80B35 /* UITableView+Extension.swift in Sources */,
				C46895DB299FE273009B6B65 /* CriteriaTableCell.swift in Sources */,
				C44728D7299C0A5400D22687 /* MainTableHeader.swift in Sources */,
				C44728D2299BF83200D22687 /* UIView+Extension.swift in Sources */,
				C44728DC299C0ADB00D22687 /* DefaultList.swift in Sources */,
				C4A856F829A1644E00D80B35 /* String+Extension.swift in Sources */,
				C44728DF299C2C7D00D22687 /* CriteriaViewController.swift in Sources */,
				C4B4B87A29A2840D00A749C5 /* MainViewModel.swift in Sources */,
			);
			runOnlyForDeploymentPostprocessing = 0;
		};
/* End PBXSourcesBuildPhase section */

/* Begin PBXVariantGroup section */
		C44728C7299BF60F00D22687 /* LaunchScreen.storyboard */ = {
			isa = PBXVariantGroup;
			children = (
				C44728C8299BF60F00D22687 /* Base */,
			);
			name = LaunchScreen.storyboard;
			sourceTree = "<group>";
		};
/* End PBXVariantGroup section */

/* Begin XCBuildConfiguration section */
		C44728CB299BF60F00D22687 /* Debug */ = {
			isa = XCBuildConfiguration;
			buildSettings = {
				ALWAYS_SEARCH_USER_PATHS = NO;
				CLANG_ANALYZER_NONNULL = YES;
				CLANG_ANALYZER_NUMBER_OBJECT_CONVERSION = YES_AGGRESSIVE;
				CLANG_CXX_LANGUAGE_STANDARD = "gnu++17";
				CLANG_ENABLE_MODULES = YES;
				CLANG_ENABLE_OBJC_ARC = YES;
				CLANG_ENABLE_OBJC_WEAK = YES;
				CLANG_WARN_BLOCK_CAPTURE_AUTORELEASING = YES;
				CLANG_WARN_BOOL_CONVERSION = YES;
				CLANG_WARN_COMMA = YES;
				CLANG_WARN_CONSTANT_CONVERSION = YES;
				CLANG_WARN_DEPRECATED_OBJC_IMPLEMENTATIONS = YES;
				CLANG_WARN_DIRECT_OBJC_ISA_USAGE = YES_ERROR;
				CLANG_WARN_DOCUMENTATION_COMMENTS = YES;
				CLANG_WARN_EMPTY_BODY = YES;
				CLANG_WARN_ENUM_CONVERSION = YES;
				CLANG_WARN_INFINITE_RECURSION = YES;
				CLANG_WARN_INT_CONVERSION = YES;
				CLANG_WARN_NON_LITERAL_NULL_CONVERSION = YES;
				CLANG_WARN_OBJC_IMPLICIT_RETAIN_SELF = YES;
				CLANG_WARN_OBJC_LITERAL_CONVERSION = YES;
				CLANG_WARN_OBJC_ROOT_CLASS = YES_ERROR;
				CLANG_WARN_QUOTED_INCLUDE_IN_FRAMEWORK_HEADER = YES;
				CLANG_WARN_RANGE_LOOP_ANALYSIS = YES;
				CLANG_WARN_STRICT_PROTOTYPES = YES;
				CLANG_WARN_SUSPICIOUS_MOVE = YES;
				CLANG_WARN_UNGUARDED_AVAILABILITY = YES_AGGRESSIVE;
				CLANG_WARN_UNREACHABLE_CODE = YES;
				CLANG_WARN__DUPLICATE_METHOD_MATCH = YES;
				COPY_PHASE_STRIP = NO;
				DEBUG_INFORMATION_FORMAT = dwarf;
				ENABLE_STRICT_OBJC_MSGSEND = YES;
				ENABLE_TESTABILITY = YES;
				GCC_C_LANGUAGE_STANDARD = gnu11;
				GCC_DYNAMIC_NO_PIC = NO;
				GCC_NO_COMMON_BLOCKS = YES;
				GCC_OPTIMIZATION_LEVEL = 0;
				GCC_PREPROCESSOR_DEFINITIONS = (
					"DEBUG=1",
					"$(inherited)",
				);
				GCC_WARN_64_TO_32_BIT_CONVERSION = YES;
				GCC_WARN_ABOUT_RETURN_TYPE = YES_ERROR;
				GCC_WARN_UNDECLARED_SELECTOR = YES;
				GCC_WARN_UNINITIALIZED_AUTOS = YES_AGGRESSIVE;
				GCC_WARN_UNUSED_FUNCTION = YES;
				GCC_WARN_UNUSED_VARIABLE = YES;
				IPHONEOS_DEPLOYMENT_TARGET = 15.5;
				MTL_ENABLE_DEBUG_INFO = INCLUDE_SOURCE;
				MTL_FAST_MATH = YES;
				ONLY_ACTIVE_ARCH = YES;
				SDKROOT = iphoneos;
				SWIFT_ACTIVE_COMPILATION_CONDITIONS = DEBUG;
				SWIFT_OPTIMIZATION_LEVEL = "-Onone";
			};
			name = Debug;
		};
		C44728CC299BF60F00D22687 /* Release */ = {
			isa = XCBuildConfiguration;
			buildSettings = {
				ALWAYS_SEARCH_USER_PATHS = NO;
				CLANG_ANALYZER_NONNULL = YES;
				CLANG_ANALYZER_NUMBER_OBJECT_CONVERSION = YES_AGGRESSIVE;
				CLANG_CXX_LANGUAGE_STANDARD = "gnu++17";
				CLANG_ENABLE_MODULES = YES;
				CLANG_ENABLE_OBJC_ARC = YES;
				CLANG_ENABLE_OBJC_WEAK = YES;
				CLANG_WARN_BLOCK_CAPTURE_AUTORELEASING = YES;
				CLANG_WARN_BOOL_CONVERSION = YES;
				CLANG_WARN_COMMA = YES;
				CLANG_WARN_CONSTANT_CONVERSION = YES;
				CLANG_WARN_DEPRECATED_OBJC_IMPLEMENTATIONS = YES;
				CLANG_WARN_DIRECT_OBJC_ISA_USAGE = YES_ERROR;
				CLANG_WARN_DOCUMENTATION_COMMENTS = YES;
				CLANG_WARN_EMPTY_BODY = YES;
				CLANG_WARN_ENUM_CONVERSION = YES;
				CLANG_WARN_INFINITE_RECURSION = YES;
				CLANG_WARN_INT_CONVERSION = YES;
				CLANG_WARN_NON_LITERAL_NULL_CONVERSION = YES;
				CLANG_WARN_OBJC_IMPLICIT_RETAIN_SELF = YES;
				CLANG_WARN_OBJC_LITERAL_CONVERSION = YES;
				CLANG_WARN_OBJC_ROOT_CLASS = YES_ERROR;
				CLANG_WARN_QUOTED_INCLUDE_IN_FRAMEWORK_HEADER = YES;
				CLANG_WARN_RANGE_LOOP_ANALYSIS = YES;
				CLANG_WARN_STRICT_PROTOTYPES = YES;
				CLANG_WARN_SUSPICIOUS_MOVE = YES;
				CLANG_WARN_UNGUARDED_AVAILABILITY = YES_AGGRESSIVE;
				CLANG_WARN_UNREACHABLE_CODE = YES;
				CLANG_WARN__DUPLICATE_METHOD_MATCH = YES;
				COPY_PHASE_STRIP = NO;
				DEBUG_INFORMATION_FORMAT = "dwarf-with-dsym";
				ENABLE_NS_ASSERTIONS = NO;
				ENABLE_STRICT_OBJC_MSGSEND = YES;
				GCC_C_LANGUAGE_STANDARD = gnu11;
				GCC_NO_COMMON_BLOCKS = YES;
				GCC_WARN_64_TO_32_BIT_CONVERSION = YES;
				GCC_WARN_ABOUT_RETURN_TYPE = YES_ERROR;
				GCC_WARN_UNDECLARED_SELECTOR = YES;
				GCC_WARN_UNINITIALIZED_AUTOS = YES_AGGRESSIVE;
				GCC_WARN_UNUSED_FUNCTION = YES;
				GCC_WARN_UNUSED_VARIABLE = YES;
				IPHONEOS_DEPLOYMENT_TARGET = 15.5;
				MTL_ENABLE_DEBUG_INFO = NO;
				MTL_FAST_MATH = YES;
				SDKROOT = iphoneos;
				SWIFT_COMPILATION_MODE = wholemodule;
				SWIFT_OPTIMIZATION_LEVEL = "-O";
				VALIDATE_PRODUCT = YES;
			};
			name = Release;
		};
		C44728CE299BF60F00D22687 /* Debug */ = {
			isa = XCBuildConfiguration;
			buildSettings = {
				ASSETCATALOG_COMPILER_APPICON_NAME = AppIcon;
				ASSETCATALOG_COMPILER_GLOBAL_ACCENT_COLOR_NAME = AccentColor;
				CODE_SIGN_STYLE = Automatic;
				CURRENT_PROJECT_VERSION = 1;
				DEVELOPMENT_TEAM = 2K6R4XFXZB;
				GENERATE_INFOPLIST_FILE = YES;
				INFOPLIST_FILE = CurrencyInfo/Info.plist;
				INFOPLIST_KEY_UIApplicationSupportsIndirectInputEvents = YES;
				INFOPLIST_KEY_UILaunchStoryboardName = LaunchScreen;
				INFOPLIST_KEY_UISupportedInterfaceOrientations_iPad = "UIInterfaceOrientationPortrait UIInterfaceOrientationPortraitUpsideDown UIInterfaceOrientationLandscapeLeft UIInterfaceOrientationLandscapeRight";
				INFOPLIST_KEY_UISupportedInterfaceOrientations_iPhone = "UIInterfaceOrientationPortrait UIInterfaceOrientationLandscapeLeft UIInterfaceOrientationLandscapeRight";
				LD_RUNPATH_SEARCH_PATHS = (
					"$(inherited)",
					"@executable_path/Frameworks",
				);
				MARKETING_VERSION = 1.0;
				PRODUCT_BUNDLE_IDENTIFIER = SezginCiftci.CurrencyInfo;
				PRODUCT_NAME = "$(TARGET_NAME)";
				SWIFT_EMIT_LOC_STRINGS = YES;
				SWIFT_VERSION = 5.0;
				TARGETED_DEVICE_FAMILY = "1,2";
			};
			name = Debug;
		};
		C44728CF299BF60F00D22687 /* Release */ = {
			isa = XCBuildConfiguration;
			buildSettings = {
				ASSETCATALOG_COMPILER_APPICON_NAME = AppIcon;
				ASSETCATALOG_COMPILER_GLOBAL_ACCENT_COLOR_NAME = AccentColor;
				CODE_SIGN_STYLE = Automatic;
				CURRENT_PROJECT_VERSION = 1;
				DEVELOPMENT_TEAM = 2K6R4XFXZB;
				GENERATE_INFOPLIST_FILE = YES;
				INFOPLIST_FILE = CurrencyInfo/Info.plist;
				INFOPLIST_KEY_UIApplicationSupportsIndirectInputEvents = YES;
				INFOPLIST_KEY_UILaunchStoryboardName = LaunchScreen;
				INFOPLIST_KEY_UISupportedInterfaceOrientations_iPad = "UIInterfaceOrientationPortrait UIInterfaceOrientationPortraitUpsideDown UIInterfaceOrientationLandscapeLeft UIInterfaceOrientationLandscapeRight";
				INFOPLIST_KEY_UISupportedInterfaceOrientations_iPhone = "UIInterfaceOrientationPortrait UIInterfaceOrientationLandscapeLeft UIInterfaceOrientationLandscapeRight";
				LD_RUNPATH_SEARCH_PATHS = (
					"$(inherited)",
					"@executable_path/Frameworks",
				);
				MARKETING_VERSION = 1.0;
				PRODUCT_BUNDLE_IDENTIFIER = SezginCiftci.CurrencyInfo;
				PRODUCT_NAME = "$(TARGET_NAME)";
				SWIFT_EMIT_LOC_STRINGS = YES;
				SWIFT_VERSION = 5.0;
				TARGETED_DEVICE_FAMILY = "1,2";
			};
			name = Release;
		};
/* End XCBuildConfiguration section */

/* Begin XCConfigurationList section */
		C44728B4299BF60F00D22687 /* Build configuration list for PBXProject "CurrencyInfo" */ = {
			isa = XCConfigurationList;
			buildConfigurations = (
				C44728CB299BF60F00D22687 /* Debug */,
				C44728CC299BF60F00D22687 /* Release */,
			);
			defaultConfigurationIsVisible = 0;
			defaultConfigurationName = Release;
		};
		C44728CD299BF60F00D22687 /* Build configuration list for PBXNativeTarget "CurrencyInfo" */ = {
			isa = XCConfigurationList;
			buildConfigurations = (
				C44728CE299BF60F00D22687 /* Debug */,
				C44728CF299BF60F00D22687 /* Release */,
			);
			defaultConfigurationIsVisible = 0;
			defaultConfigurationName = Release;
		};
/* End XCConfigurationList section */
	};
	rootObject = C44728B1299BF60F00D22687 /* Project object */;
}
